// !$*UTF8*$!
{
	archiveVersion = 1;
	classes = {
	};
	objectVersion = 55;
	objects = {

/* Begin PBXBuildFile section */
		7F231F9E285A0AD300AC2C82 /* Tests_iOS.swift in Sources */ = {isa = PBXBuildFile; fileRef = 7F231F9D285A0AD300AC2C82 /* Tests_iOS.swift */; };
		7F231FA0285A0AD300AC2C82 /* Tests_iOSLaunchTests.swift in Sources */ = {isa = PBXBuildFile; fileRef = 7F231F9F285A0AD300AC2C82 /* Tests_iOSLaunchTests.swift */; };
		7F231FAA285A0AD300AC2C82 /* Tests_macOS.swift in Sources */ = {isa = PBXBuildFile; fileRef = 7F231FA9285A0AD300AC2C82 /* Tests_macOS.swift */; };
		7F231FAC285A0AD300AC2C82 /* Tests_macOSLaunchTests.swift in Sources */ = {isa = PBXBuildFile; fileRef = 7F231FAB285A0AD300AC2C82 /* Tests_macOSLaunchTests.swift */; };
		7F231FAD285A0AD300AC2C82 /* projetgithubApp.swift in Sources */ = {isa = PBXBuildFile; fileRef = 7F231F85285A0AD200AC2C82 /* projetgithubApp.swift */; };
		7F231FAE285A0AD300AC2C82 /* projetgithubApp.swift in Sources */ = {isa = PBXBuildFile; fileRef = 7F231F85285A0AD200AC2C82 /* projetgithubApp.swift */; };
		7F231FAF285A0AD300AC2C82 /* ContentView.swift in Sources */ = {isa = PBXBuildFile; fileRef = 7F231F86285A0AD200AC2C82 /* ContentView.swift */; };
		7F231FB0285A0AD300AC2C82 /* ContentView.swift in Sources */ = {isa = PBXBuildFile; fileRef = 7F231F86285A0AD200AC2C82 /* ContentView.swift */; };
		7F231FB1285A0AD300AC2C82 /* Assets.xcassets in Resources */ = {isa = PBXBuildFile; fileRef = 7F231F87285A0AD300AC2C82 /* Assets.xcassets */; };
		7F231FB2285A0AD300AC2C82 /* Assets.xcassets in Resources */ = {isa = PBXBuildFile; fileRef = 7F231F87285A0AD300AC2C82 /* Assets.xcassets */; };
/* End PBXBuildFile section */

/* Begin PBXContainerItemProxy section */
		7F231F9A285A0AD300AC2C82 /* PBXContainerItemProxy */ = {
			isa = PBXContainerItemProxy;
			containerPortal = 7F231F80285A0AD100AC2C82 /* Project object */;
			proxyType = 1;
			remoteGlobalIDString = 7F231F8B285A0AD300AC2C82;
			remoteInfo = "projetgithub (iOS)";
		};
		7F231FA6285A0AD300AC2C82 /* PBXContainerItemProxy */ = {
			isa = PBXContainerItemProxy;
			containerPortal = 7F231F80285A0AD100AC2C82 /* Project object */;
			proxyType = 1;
			remoteGlobalIDString = 7F231F91285A0AD300AC2C82;
			remoteInfo = "projetgithub (macOS)";
		};
/* End PBXContainerItemProxy section */

/* Begin PBXFileReference section */
		7F231F85285A0AD200AC2C82 /* projetgithubApp.swift */ = {isa = PBXFileReference; lastKnownFileType = sourcecode.swift; path = projetgithubApp.swift; sourceTree = "<group>"; };
		7F231F86285A0AD200AC2C82 /* ContentView.swift */ = {isa = PBXFileReference; lastKnownFileType = sourcecode.swift; path = ContentView.swift; sourceTree = "<group>"; };
		7F231F87285A0AD300AC2C82 /* Assets.xcassets */ = {isa = PBXFileReference; lastKnownFileType = folder.assetcatalog; path = Assets.xcassets; sourceTree = "<group>"; };
		7F231F8C285A0AD300AC2C82 /* projetgithub.app */ = {isa = PBXFileReference; explicitFileType = wrapper.application; includeInIndex = 0; path = projetgithub.app; sourceTree = BUILT_PRODUCTS_DIR; };
		7F231F92285A0AD300AC2C82 /* projetgithub.app */ = {isa = PBXFileReference; explicitFileType = wrapper.application; includeInIndex = 0; path = projetgithub.app; sourceTree = BUILT_PRODUCTS_DIR; };
		7F231F94285A0AD300AC2C82 /* macOS.entitlements */ = {isa = PBXFileReference; lastKnownFileType = text.plist.entitlements; path = macOS.entitlements; sourceTree = "<group>"; };
		7F231F99285A0AD300AC2C82 /* Tests iOS.xctest */ = {isa = PBXFileReference; explicitFileType = wrapper.cfbundle; includeInIndex = 0; path = "Tests iOS.xctest"; sourceTree = BUILT_PRODUCTS_DIR; };
		7F231F9D285A0AD300AC2C82 /* Tests_iOS.swift */ = {isa = PBXFileReference; lastKnownFileType = sourcecode.swift; path = Tests_iOS.swift; sourceTree = "<group>"; };
		7F231F9F285A0AD300AC2C82 /* Tests_iOSLaunchTests.swift */ = {isa = PBXFileReference; lastKnownFileType = sourcecode.swift; path = Tests_iOSLaunchTests.swift; sourceTree = "<group>"; };
		7F231FA5285A0AD300AC2C82 /* Tests macOS.xctest */ = {isa = PBXFileReference; explicitFileType = wrapper.cfbundle; includeInIndex = 0; path = "Tests macOS.xctest"; sourceTree = BUILT_PRODUCTS_DIR; };
		7F231FA9285A0AD300AC2C82 /* Tests_macOS.swift */ = {isa = PBXFileReference; lastKnownFileType = sourcecode.swift; path = Tests_macOS.swift; sourceTree = "<group>"; };
		7F231FAB285A0AD300AC2C82 /* Tests_macOSLaunchTests.swift */ = {isa = PBXFileReference; lastKnownFileType = sourcecode.swift; path = Tests_macOSLaunchTests.swift; sourceTree = "<group>"; };
/* End PBXFileReference section */

/* Begin PBXFrameworksBuildPhase section */
		7F231F89285A0AD300AC2C82 /* Frameworks */ = {
			isa = PBXFrameworksBuildPhase;
			buildActionMask = 2147483647;
			files = (
			);
			runOnlyForDeploymentPostprocessing = 0;
		};
		7F231F8F285A0AD300AC2C82 /* Frameworks */ = {
			isa = PBXFrameworksBuildPhase;
			buildActionMask = 2147483647;
			files = (
			);
			runOnlyForDeploymentPostprocessing = 0;
		};
		7F231F96285A0AD300AC2C82 /* Frameworks */ = {
			isa = PBXFrameworksBuildPhase;
			buildActionMask = 2147483647;
			files = (
			);
			runOnlyForDeploymentPostprocessing = 0;
		};
		7F231FA2285A0AD300AC2C82 /* Frameworks */ = {
			isa = PBXFrameworksBuildPhase;
			buildActionMask = 2147483647;
			files = (
			);
			runOnlyForDeploymentPostprocessing = 0;
		};
/* End PBXFrameworksBuildPhase section */

/* Begin PBXGroup section */
		7F231F7F285A0AD100AC2C82 = {
			isa = PBXGroup;
			children = (
				7F231F84285A0AD200AC2C82 /* Shared */,
				7F231F93285A0AD300AC2C82 /* macOS */,
				7F231F9C285A0AD300AC2C82 /* Tests iOS */,
				7F231FA8285A0AD300AC2C82 /* Tests macOS */,
				7F231F8D285A0AD300AC2C82 /* Products */,
			);
			sourceTree = "<group>";
		};
		7F231F84285A0AD200AC2C82 /* Shared */ = {
			isa = PBXGroup;
			children = (
				7F231F85285A0AD200AC2C82 /* projetgithubApp.swift */,
				7F231F86285A0AD200AC2C82 /* ContentView.swift */,
				7F231F87285A0AD300AC2C82 /* Assets.xcassets */,
			);
			path = Shared;
			sourceTree = "<group>";
		};
		7F231F8D285A0AD300AC2C82 /* Products */ = {
			isa = PBXGroup;
			children = (
				7F231F8C285A0AD300AC2C82 /* projetgithub.app */,
				7F231F92285A0AD300AC2C82 /* projetgithub.app */,
				7F231F99285A0AD300AC2C82 /* Tests iOS.xctest */,
				7F231FA5285A0AD300AC2C82 /* Tests macOS.xctest */,
			);
			name = Products;
			sourceTree = "<group>";
		};
		7F231F93285A0AD300AC2C82 /* macOS */ = {
			isa = PBXGroup;
			children = (
				7F231F94285A0AD300AC2C82 /* macOS.entitlements */,
			);
			path = macOS;
			sourceTree = "<group>";
		};
		7F231F9C285A0AD300AC2C82 /* Tests iOS */ = {
			isa = PBXGroup;
			children = (
				7F231F9D285A0AD300AC2C82 /* Tests_iOS.swift */,
				7F231F9F285A0AD300AC2C82 /* Tests_iOSLaunchTests.swift */,
			);
			path = "Tests iOS";
			sourceTree = "<group>";
		};
		7F231FA8285A0AD300AC2C82 /* Tests macOS */ = {
			isa = PBXGroup;
			children = (
				7F231FA9285A0AD300AC2C82 /* Tests_macOS.swift */,
				7F231FAB285A0AD300AC2C82 /* Tests_macOSLaunchTests.swift */,
			);
			path = "Tests macOS";
			sourceTree = "<group>";
		};
/* End PBXGroup section */

/* Begin PBXNativeTarget section */
		7F231F8B285A0AD300AC2C82 /* projetgithub (iOS) */ = {
			isa = PBXNativeTarget;
			buildConfigurationList = 7F231FB5285A0AD300AC2C82 /* Build configuration list for PBXNativeTarget "projetgithub (iOS)" */;
			buildPhases = (
				7F231F88285A0AD300AC2C82 /* Sources */,
				7F231F89285A0AD300AC2C82 /* Frameworks */,
				7F231F8A285A0AD300AC2C82 /* Resources */,
			);
			buildRules = (
			);
			dependencies = (
			);
			name = "projetgithub (iOS)";
			productName = "projetgithub (iOS)";
			productReference = 7F231F8C285A0AD300AC2C82 /* projetgithub.app */;
			productType = "com.apple.product-type.application";
		};
		7F231F91285A0AD300AC2C82 /* projetgithub (macOS) */ = {
			isa = PBXNativeTarget;
			buildConfigurationList = 7F231FB8285A0AD300AC2C82 /* Build configuration list for PBXNativeTarget "projetgithub (macOS)" */;
			buildPhases = (
				7F231F8E285A0AD300AC2C82 /* Sources */,
				7F231F8F285A0AD300AC2C82 /* Frameworks */,
				7F231F90285A0AD300AC2C82 /* Resources */,
			);
			buildRules = (
			);
			dependencies = (
			);
			name = "projetgithub (macOS)";
			productName = "projetgithub (macOS)";
			productReference = 7F231F92285A0AD300AC2C82 /* projetgithub.app */;
			productType = "com.apple.product-type.application";
		};
		7F231F98285A0AD300AC2C82 /* Tests iOS */ = {
			isa = PBXNativeTarget;
			buildConfigurationList = 7F231FBB285A0AD300AC2C82 /* Build configuration list for PBXNativeTarget "Tests iOS" */;
			buildPhases = (
				7F231F95285A0AD300AC2C82 /* Sources */,
				7F231F96285A0AD300AC2C82 /* Frameworks */,
				7F231F97285A0AD300AC2C82 /* Resources */,
			);
			buildRules = (
			);
			dependencies = (
				7F231F9B285A0AD300AC2C82 /* PBXTargetDependency */,
			);
			name = "Tests iOS";
			productName = "Tests iOS";
			productReference = 7F231F99285A0AD300AC2C82 /* Tests iOS.xctest */;
			productType = "com.apple.product-type.bundle.ui-testing";
		};
		7F231FA4285A0AD300AC2C82 /* Tests macOS */ = {
			isa = PBXNativeTarget;
			buildConfigurationList = 7F231FBE285A0AD300AC2C82 /* Build configuration list for PBXNativeTarget "Tests macOS" */;
			buildPhases = (
				7F231FA1285A0AD300AC2C82 /* Sources */,
				7F231FA2285A0AD300AC2C82 /* Frameworks */,
				7F231FA3285A0AD300AC2C82 /* Resources */,
			);
			buildRules = (
			);
			dependencies = (
				7F231FA7285A0AD300AC2C82 /* PBXTargetDependency */,
			);
			name = "Tests macOS";
			productName = "Tests macOS";
			productReference = 7F231FA5285A0AD300AC2C82 /* Tests macOS.xctest */;
			productType = "com.apple.product-type.bundle.ui-testing";
		};
/* End PBXNativeTarget section */

/* Begin PBXProject section */
		7F231F80285A0AD100AC2C82 /* Project object */ = {
			isa = PBXProject;
			attributes = {
				BuildIndependentTargetsInParallel = 1;
				LastSwiftUpdateCheck = 1340;
				LastUpgradeCheck = 1340;
				TargetAttributes = {
					7F231F8B285A0AD300AC2C82 = {
						CreatedOnToolsVersion = 13.4.1;
					};
					7F231F91285A0AD300AC2C82 = {
						CreatedOnToolsVersion = 13.4.1;
					};
					7F231F98285A0AD300AC2C82 = {
						CreatedOnToolsVersion = 13.4.1;
						TestTargetID = 7F231F8B285A0AD300AC2C82;
					};
					7F231FA4285A0AD300AC2C82 = {
						CreatedOnToolsVersion = 13.4.1;
						TestTargetID = 7F231F91285A0AD300AC2C82;
					};
				};
			};
			buildConfigurationList = 7F231F83285A0AD100AC2C82 /* Build configuration list for PBXProject "projetgithub" */;
			compatibilityVersion = "Xcode 13.0";
			developmentRegion = en;
			hasScannedForEncodings = 0;
			knownRegions = (
				en,
				Base,
			);
			mainGroup = 7F231F7F285A0AD100AC2C82;
			productRefGroup = 7F231F8D285A0AD300AC2C82 /* Products */;
			projectDirPath = "";
			projectRoot = "";
			targets = (
				7F231F8B285A0AD300AC2C82 /* projetgithub (iOS) */,
				7F231F91285A0AD300AC2C82 /* projetgithub (macOS) */,
				7F231F98285A0AD300AC2C82 /* Tests iOS */,
				7F231FA4285A0AD300AC2C82 /* Tests macOS */,
			);
		};
/* End PBXProject section */

/* Begin PBXResourcesBuildPhase section */
		7F231F8A285A0AD300AC2C82 /* Resources */ = {
			isa = PBXResourcesBuildPhase;
			buildActionMask = 2147483647;
			files = (
				7F231FB1285A0AD300AC2C82 /* Assets.xcassets in Resources */,
			);
			runOnlyForDeploymentPostprocessing = 0;
		};
		7F231F90285A0AD300AC2C82 /* Resources */ = {
			isa = PBXResourcesBuildPhase;
			buildActionMask = 2147483647;
			files = (
				7F231FB2285A0AD300AC2C82 /* Assets.xcassets in Resources */,
			);
			runOnlyForDeploymentPostprocessing = 0;
		};
		7F231F97285A0AD300AC2C82 /* Resources */ = {
			isa = PBXResourcesBuildPhase;
			buildActionMask = 2147483647;
			files = (
			);
			runOnlyForDeploymentPostprocessing = 0;
		};
		7F231FA3285A0AD300AC2C82 /* Resources */ = {
			isa = PBXResourcesBuildPhase;
			buildActionMask = 2147483647;
			files = (
			);
			runOnlyForDeploymentPostprocessing = 0;
		};
/* End PBXResourcesBuildPhase section */

/* Begin PBXSourcesBuildPhase section */
		7F231F88285A0AD300AC2C82 /* Sources */ = {
			isa = PBXSourcesBuildPhase;
			buildActionMask = 2147483647;
			files = (
				7F231FAF285A0AD300AC2C82 /* ContentView.swift in Sources */,
				7F231FAD285A0AD300AC2C82 /* projetgithubApp.swift in Sources */,
			);
			runOnlyForDeploymentPostprocessing = 0;
		};
		7F231F8E285A0AD300AC2C82 /* Sources */ = {
			isa = PBXSourcesBuildPhase;
			buildActionMask = 2147483647;
			files = (
				7F231FB0285A0AD300AC2C82 /* ContentView.swift in Sources */,
				7F231FAE285A0AD300AC2C82 /* projetgithubApp.swift in Sources */,
			);
			runOnlyForDeploymentPostprocessing = 0;
		};
		7F231F95285A0AD300AC2C82 /* Sources */ = {
			isa = PBXSourcesBuildPhase;
			buildActionMask = 2147483647;
			files = (
				7F231FA0285A0AD300AC2C82 /* Tests_iOSLaunchTests.swift in Sources */,
				7F231F9E285A0AD300AC2C82 /* Tests_iOS.swift in Sources */,
			);
			runOnlyForDeploymentPostprocessing = 0;
		};
		7F231FA1285A0AD300AC2C82 /* Sources */ = {
			isa = PBXSourcesBuildPhase;
			buildActionMask = 2147483647;
			files = (
				7F231FAC285A0AD300AC2C82 /* Tests_macOSLaunchTests.swift in Sources */,
				7F231FAA285A0AD300AC2C82 /* Tests_macOS.swift in Sources */,
			);
			runOnlyForDeploymentPostprocessing = 0;
		};
/* End PBXSourcesBuildPhase section */

/* Begin PBXTargetDependency section */
		7F231F9B285A0AD300AC2C82 /* PBXTargetDependency */ = {
			isa = PBXTargetDependency;
			target = 7F231F8B285A0AD300AC2C82 /* projetgithub (iOS) */;
			targetProxy = 7F231F9A285A0AD300AC2C82 /* PBXContainerItemProxy */;
		};
		7F231FA7285A0AD300AC2C82 /* PBXTargetDependency */ = {
			isa = PBXTargetDependency;
			target = 7F231F91285A0AD300AC2C82 /* projetgithub (macOS) */;
			targetProxy = 7F231FA6285A0AD300AC2C82 /* PBXContainerItemProxy */;
		};
/* End PBXTargetDependency section */

/* Begin XCBuildConfiguration section */
		7F231FB3285A0AD300AC2C82 /* Debug */ = {
			isa = XCBuildConfiguration;
			buildSettings = {
				ALWAYS_SEARCH_USER_PATHS = NO;
				CLANG_ANALYZER_NONNULL = YES;
				CLANG_ANALYZER_NUMBER_OBJECT_CONVERSION = YES_AGGRESSIVE;
				CLANG_CXX_LANGUAGE_STANDARD = "gnu++17";
				CLANG_ENABLE_MODULES = YES;
				CLANG_ENABLE_OBJC_ARC = YES;
				CLANG_ENABLE_OBJC_WEAK = YES;
				CLANG_WARN_BLOCK_CAPTURE_AUTORELEASING = YES;
				CLANG_WARN_BOOL_CONVERSION = YES;
				CLANG_WARN_COMMA = YES;
				CLANG_WARN_CONSTANT_CONVERSION = YES;
				CLANG_WARN_DEPRECATED_OBJC_IMPLEMENTATIONS = YES;
				CLANG_WARN_DIRECT_OBJC_ISA_USAGE = YES_ERROR;
				CLANG_WARN_DOCUMENTATION_COMMENTS = YES;
				CLANG_WARN_EMPTY_BODY = YES;
				CLANG_WARN_ENUM_CONVERSION = YES;
				CLANG_WARN_INFINITE_RECURSION = YES;
				CLANG_WARN_INT_CONVERSION = YES;
				CLANG_WARN_NON_LITERAL_NULL_CONVERSION = YES;
				CLANG_WARN_OBJC_IMPLICIT_RETAIN_SELF = YES;
				CLANG_WARN_OBJC_LITERAL_CONVERSION = YES;
				CLANG_WARN_OBJC_ROOT_CLASS = YES_ERROR;
				CLANG_WARN_QUOTED_INCLUDE_IN_FRAMEWORK_HEADER = YES;
				CLANG_WARN_RANGE_LOOP_ANALYSIS = YES;
				CLANG_WARN_STRICT_PROTOTYPES = YES;
				CLANG_WARN_SUSPICIOUS_MOVE = YES;
				CLANG_WARN_UNGUARDED_AVAILABILITY = YES_AGGRESSIVE;
				CLANG_WARN_UNREACHABLE_CODE = YES;
				CLANG_WARN__DUPLICATE_METHOD_MATCH = YES;
				COPY_PHASE_STRIP = NO;
				DEBUG_INFORMATION_FORMAT = dwarf;
				ENABLE_STRICT_OBJC_MSGSEND = YES;
				ENABLE_TESTABILITY = YES;
				GCC_C_LANGUAGE_STANDARD = gnu11;
				GCC_DYNAMIC_NO_PIC = NO;
				GCC_NO_COMMON_BLOCKS = YES;
				GCC_OPTIMIZATION_LEVEL = 0;
				GCC_PREPROCESSOR_DEFINITIONS = (
					"DEBUG=1",
					"$(inherited)",
				);
				GCC_WARN_64_TO_32_BIT_CONVERSION = YES;
				GCC_WARN_ABOUT_RETURN_TYPE = YES_ERROR;
				GCC_WARN_UNDECLARED_SELECTOR = YES;
				GCC_WARN_UNINITIALIZED_AUTOS = YES_AGGRESSIVE;
				GCC_WARN_UNUSED_FUNCTION = YES;
				GCC_WARN_UNUSED_VARIABLE = YES;
				MTL_ENABLE_DEBUG_INFO = INCLUDE_SOURCE;
				MTL_FAST_MATH = YES;
				ONLY_ACTIVE_ARCH = YES;
				SWIFT_ACTIVE_COMPILATION_CONDITIONS = DEBUG;
				SWIFT_OPTIMIZATION_LEVEL = "-Onone";
			};
			name = Debug;
		};
		7F231FB4285A0AD300AC2C82 /* Release */ = {
			isa = XCBuildConfiguration;
			buildSettings = {
				ALWAYS_SEARCH_USER_PATHS = NO;
				CLANG_ANALYZER_NONNULL = YES;
				CLANG_ANALYZER_NUMBER_OBJECT_CONVERSION = YES_AGGRESSIVE;
				CLANG_CXX_LANGUAGE_STANDARD = "gnu++17";
				CLANG_ENABLE_MODULES = YES;
				CLANG_ENABLE_OBJC_ARC = YES;
				CLANG_ENABLE_OBJC_WEAK = YES;
				CLANG_WARN_BLOCK_CAPTURE_AUTORELEASING = YES;
				CLANG_WARN_BOOL_CONVERSION = YES;
				CLANG_WARN_COMMA = YES;
				CLANG_WARN_CONSTANT_CONVERSION = YES;
				CLANG_WARN_DEPRECATED_OBJC_IMPLEMENTATIONS = YES;
				CLANG_WARN_DIRECT_OBJC_ISA_USAGE = YES_ERROR;
				CLANG_WARN_DOCUMENTATION_COMMENTS = YES;
				CLANG_WARN_EMPTY_BODY = YES;
				CLANG_WARN_ENUM_CONVERSION = YES;
				CLANG_WARN_INFINITE_RECURSION = YES;
				CLANG_WARN_INT_CONVERSION = YES;
				CLANG_WARN_NON_LITERAL_NULL_CONVERSION = YES;
				CLANG_WARN_OBJC_IMPLICIT_RETAIN_SELF = YES;
				CLANG_WARN_OBJC_LITERAL_CONVERSION = YES;
				CLANG_WARN_OBJC_ROOT_CLASS = YES_ERROR;
				CLANG_WARN_QUOTED_INCLUDE_IN_FRAMEWORK_HEADER = YES;
				CLANG_WARN_RANGE_LOOP_ANALYSIS = YES;
				CLANG_WARN_STRICT_PROTOTYPES = YES;
				CLANG_WARN_SUSPICIOUS_MOVE = YES;
				CLANG_WARN_UNGUARDED_AVAILABILITY = YES_AGGRESSIVE;
				CLANG_WARN_UNREACHABLE_CODE = YES;
				CLANG_WARN__DUPLICATE_METHOD_MATCH = YES;
				COPY_PHASE_STRIP = NO;
				DEBUG_INFORMATION_FORMAT = "dwarf-with-dsym";
				ENABLE_NS_ASSERTIONS = NO;
				ENABLE_STRICT_OBJC_MSGSEND = YES;
				GCC_C_LANGUAGE_STANDARD = gnu11;
				GCC_NO_COMMON_BLOCKS = YES;
				GCC_WARN_64_TO_32_BIT_CONVERSION = YES;
				GCC_WARN_ABOUT_RETURN_TYPE = YES_ERROR;
				GCC_WARN_UNDECLARED_SELECTOR = YES;
				GCC_WARN_UNINITIALIZED_AUTOS = YES_AGGRESSIVE;
				GCC_WARN_UNUSED_FUNCTION = YES;
				GCC_WARN_UNUSED_VARIABLE = YES;
				MTL_ENABLE_DEBUG_INFO = NO;
				MTL_FAST_MATH = YES;
				SWIFT_COMPILATION_MODE = wholemodule;
				SWIFT_OPTIMIZATION_LEVEL = "-O";
			};
			name = Release;
		};
		7F231FB6285A0AD300AC2C82 /* Debug */ = {
			isa = XCBuildConfiguration;
			buildSettings = {
				ASSETCATALOG_COMPILER_APPICON_NAME = AppIcon;
				ASSETCATALOG_COMPILER_GLOBAL_ACCENT_COLOR_NAME = AccentColor;
				CODE_SIGN_STYLE = Automatic;
				CURRENT_PROJECT_VERSION = 1;
				ENABLE_PREVIEWS = YES;
				GENERATE_INFOPLIST_FILE = YES;
				INFOPLIST_KEY_UIApplicationSceneManifest_Generation = YES;
				INFOPLIST_KEY_UIApplicationSupportsIndirectInputEvents = YES;
				INFOPLIST_KEY_UILaunchScreen_Generation = YES;
				INFOPLIST_KEY_UISupportedInterfaceOrientations_iPad = "UIInterfaceOrientationPortrait UIInterfaceOrientationPortraitUpsideDown UIInterfaceOrientationLandscapeLeft UIInterfaceOrientationLandscapeRight";
				INFOPLIST_KEY_UISupportedInterfaceOrientations_iPhone = "UIInterfaceOrientationPortrait UIInterfaceOrientationLandscapeLeft UIInterfaceOrientationLandscapeRight";
				IPHONEOS_DEPLOYMENT_TARGET = 15.5;
				LD_RUNPATH_SEARCH_PATHS = (
					"$(inherited)",
					"@executable_path/Frameworks",
				);
				MARKETING_VERSION = 1.0;
				PRODUCT_BUNDLE_IDENTIFIER = afp.projetgithub;
				PRODUCT_NAME = projetgithub;
				SDKROOT = iphoneos;
				SWIFT_EMIT_LOC_STRINGS = YES;
				SWIFT_VERSION = 5.0;
				TARGETED_DEVICE_FAMILY = "1,2";
			};
			name = Debug;
		};
		7F231FB7285A0AD300AC2C82 /* Release */ = {
			isa = XCBuildConfiguration;
			buildSettings = {
				ASSETCATALOG_COMPILER_APPICON_NAME = AppIcon;
				ASSETCATALOG_COMPILER_GLOBAL_ACCENT_COLOR_NAME = AccentColor;
				CODE_SIGN_STYLE = Automatic;
				CURRENT_PROJECT_VERSION = 1;
				ENABLE_PREVIEWS = YES;
				GENERATE_INFOPLIST_FILE = YES;
				INFOPLIST_KEY_UIApplicationSceneManifest_Generation = YES;
				INFOPLIST_KEY_UIApplicationSupportsIndirectInputEvents = YES;
				INFOPLIST_KEY_UILaunchScreen_Generation = YES;
				INFOPLIST_KEY_UISupportedInterfaceOrientations_iPad = "UIInterfaceOrientationPortrait UIInterfaceOrientationPortraitUpsideDown UIInterfaceOrientationLandscapeLeft UIInterfaceOrientationLandscapeRight";
				INFOPLIST_KEY_UISupportedInterfaceOrientations_iPhone = "UIInterfaceOrientationPortrait UIInterfaceOrientationLandscapeLeft UIInterfaceOrientationLandscapeRight";
				IPHONEOS_DEPLOYMENT_TARGET = 15.5;
				LD_RUNPATH_SEARCH_PATHS = (
					"$(inherited)",
					"@executable_path/Frameworks",
				);
				MARKETING_VERSION = 1.0;
				PRODUCT_BUNDLE_IDENTIFIER = afp.projetgithub;
				PRODUCT_NAME = projetgithub;
				SDKROOT = iphoneos;
				SWIFT_EMIT_LOC_STRINGS = YES;
				SWIFT_VERSION = 5.0;
				TARGETED_DEVICE_FAMILY = "1,2";
				VALIDATE_PRODUCT = YES;
			};
			name = Release;
		};
		7F231FB9285A0AD300AC2C82 /* Debug */ = {
			isa = XCBuildConfiguration;
			buildSettings = {
				ASSETCATALOG_COMPILER_APPICON_NAME = AppIcon;
				ASSETCATALOG_COMPILER_GLOBAL_ACCENT_COLOR_NAME = AccentColor;
				CODE_SIGN_ENTITLEMENTS = macOS/macOS.entitlements;
				CODE_SIGN_STYLE = Automatic;
				COMBINE_HIDPI_IMAGES = YES;
				CURRENT_PROJECT_VERSION = 1;
				ENABLE_PREVIEWS = YES;
				GENERATE_INFOPLIST_FILE = YES;
				INFOPLIST_KEY_NSHumanReadableCopyright = "";
				LD_RUNPATH_SEARCH_PATHS = (
					"$(inherited)",
					"@executable_path/../Frameworks",
				);
				MACOSX_DEPLOYMENT_TARGET = 12.3;
				MARKETING_VERSION = 1.0;
				PRODUCT_BUNDLE_IDENTIFIER = afp.projetgithub;
				PRODUCT_NAME = projetgithub;
				SDKROOT = macosx;
				SWIFT_EMIT_LOC_STRINGS = YES;
				SWIFT_VERSION = 5.0;
			};
			name = Debug;
		};
		7F231FBA285A0AD300AC2C82 /* Release */ = {
			isa = XCBuildConfiguration;
			buildSettings = {
				ASSETCATALOG_COMPILER_APPICON_NAME = AppIcon;
				ASSETCATALOG_COMPILER_GLOBAL_ACCENT_COLOR_NAME = AccentColor;
				CODE_SIGN_ENTITLEMENTS = macOS/macOS.entitlements;
				CODE_SIGN_STYLE = Automatic;
				COMBINE_HIDPI_IMAGES = YES;
				CURRENT_PROJECT_VERSION = 1;
				ENABLE_PREVIEWS = YES;
				GENERATE_INFOPLIST_FILE = YES;
				INFOPLIST_KEY_NSHumanReadableCopyright = "";
				LD_RUNPATH_SEARCH_PATHS = (
					"$(inherited)",
					"@executable_path/../Frameworks",
				);
				MACOSX_DEPLOYMENT_TARGET = 12.3;
				MARKETING_VERSION = 1.0;
				PRODUCT_BUNDLE_IDENTIFIER = afp.projetgithub;
				PRODUCT_NAME = projetgithub;
				SDKROOT = macosx;
				SWIFT_EMIT_LOC_STRINGS = YES;
				SWIFT_VERSION = 5.0;
			};
			name = Release;
		};
		7F231FBC285A0AD300AC2C82 /* Debug */ = {
			isa = XCBuildConfiguration;
			buildSettings = {
				ALWAYS_EMBED_SWIFT_STANDARD_LIBRARIES = YES;
				CODE_SIGN_STYLE = Automatic;
				CURRENT_PROJECT_VERSION = 1;
				GENERATE_INFOPLIST_FILE = YES;
				IPHONEOS_DEPLOYMENT_TARGET = 15.5;
				MARKETING_VERSION = 1.0;
				PRODUCT_BUNDLE_IDENTIFIER = "afp.Tests-iOS";
				PRODUCT_NAME = "$(TARGET_NAME)";
				SDKROOT = iphoneos;
				SWIFT_EMIT_LOC_STRINGS = NO;
				SWIFT_VERSION = 5.0;
				TARGETED_DEVICE_FAMILY = "1,2";
				TEST_TARGET_NAME = "projetgithub (iOS)";
			};
			name = Debug;
		};
		7F231FBD285A0AD300AC2C82 /* Release */ = {
			isa = XCBuildConfiguration;
			buildSettings = {
				ALWAYS_EMBED_SWIFT_STANDARD_LIBRARIES = YES;
				CODE_SIGN_STYLE = Automatic;
				CURRENT_PROJECT_VERSION = 1;
				GENERATE_INFOPLIST_FILE = YES;
				IPHONEOS_DEPLOYMENT_TARGET = 15.5;
				MARKETING_VERSION = 1.0;
				PRODUCT_BUNDLE_IDENTIFIER = "afp.Tests-iOS";
				PRODUCT_NAME = "$(TARGET_NAME)";
				SDKROOT = iphoneos;
				SWIFT_EMIT_LOC_STRINGS = NO;
				SWIFT_VERSION = 5.0;
				TARGETED_DEVICE_FAMILY = "1,2";
				TEST_TARGET_NAME = "projetgithub (iOS)";
				VALIDATE_PRODUCT = YES;
			};
			name = Release;
		};
		7F231FBF285A0AD300AC2C82 /* Debug */ = {
			isa = XCBuildConfiguration;
			buildSettings = {
				ALWAYS_EMBED_SWIFT_STANDARD_LIBRARIES = YES;
				CODE_SIGN_STYLE = Automatic;
				CURRENT_PROJECT_VERSION = 1;
				GENERATE_INFOPLIST_FILE = YES;
				MACOSX_DEPLOYMENT_TARGET = 12.3;
				MARKETING_VERSION = 1.0;
				PRODUCT_BUNDLE_IDENTIFIER = "afp.Tests-macOS";
				PRODUCT_NAME = "$(TARGET_NAME)";
				SDKROOT = macosx;
				SWIFT_EMIT_LOC_STRINGS = NO;
				SWIFT_VERSION = 5.0;
				TEST_TARGET_NAME = "projetgithub (macOS)";
			};
			name = Debug;
		};
		7F231FC0285A0AD300AC2C82 /* Release */ = {
			isa = XCBuildConfiguration;
			buildSettings = {
				ALWAYS_EMBED_SWIFT_STANDARD_LIBRARIES = YES;
				CODE_SIGN_STYLE = Automatic;
				CURRENT_PROJECT_VERSION = 1;
				GENERATE_INFOPLIST_FILE = YES;
				MACOSX_DEPLOYMENT_TARGET = 12.3;
				MARKETING_VERSION = 1.0;
				PRODUCT_BUNDLE_IDENTIFIER = "afp.Tests-macOS";
				PRODUCT_NAME = "$(TARGET_NAME)";
				SDKROOT = macosx;
				SWIFT_EMIT_LOC_STRINGS = NO;
				SWIFT_VERSION = 5.0;
				TEST_TARGET_NAME = "projetgithub (macOS)";
			};
			name = Release;
		};
/* End XCBuildConfiguration section */

/* Begin XCConfigurationList section */
		7F231F83285A0AD100AC2C82 /* Build configuration list for PBXProject "projetgithub" */ = {
			isa = XCConfigurationList;
			buildConfigurations = (
				7F231FB3285A0AD300AC2C82 /* Debug */,
				7F231FB4285A0AD300AC2C82 /* Release */,
			);
			defaultConfigurationIsVisible = 0;
			defaultConfigurationName = Release;
		};
		7F231FB5285A0AD300AC2C82 /* Build configuration list for PBXNativeTarget "projetgithub (iOS)" */ = {
			isa = XCConfigurationList;
			buildConfigurations = (
				7F231FB6285A0AD300AC2C82 /* Debug */,
				7F231FB7285A0AD300AC2C82 /* Release */,
			);
			defaultConfigurationIsVisible = 0;
			defaultConfigurationName = Release;
		};
		7F231FB8285A0AD300AC2C82 /* Build configuration list for PBXNativeTarget "projetgithub (macOS)" */ = {
			isa = XCConfigurationList;
			buildConfigurations = (
				7F231FB9285A0AD300AC2C82 /* Debug */,
				7F231FBA285A0AD300AC2C82 /* Release */,
			);
			defaultConfigurationIsVisible = 0;
			defaultConfigurationName = Release;
		};
		7F231FBB285A0AD300AC2C82 /* Build configuration list for PBXNativeTarget "Tests iOS" */ = {
			isa = XCConfigurationList;
			buildConfigurations = (
				7F231FBC285A0AD300AC2C82 /* Debug */,
				7F231FBD285A0AD300AC2C82 /* Release */,
			);
			defaultConfigurationIsVisible = 0;
			defaultConfigurationName = Release;
		};
		7F231FBE285A0AD300AC2C82 /* Build configuration list for PBXNativeTarget "Tests macOS" */ = {
			isa = XCConfigurationList;
			buildConfigurations = (
				7F231FBF285A0AD300AC2C82 /* Debug */,
				7F231FC0285A0AD300AC2C82 /* Release */,
			);
			defaultConfigurationIsVisible = 0;
			defaultConfigurationName = Release;
		};
/* End XCConfigurationList section */
	};
	rootObject = 7F231F80285A0AD100AC2C82 /* Project object */;
}
